// !$*UTF8*$!
{
	archiveVersion = 1;
	classes = {
	};
	objectVersion = 55;
	objects = {

/* Begin PBXBuildFile section */
		C3CB0A532887947000AF0BD6 /* Tests_iOS.swift in Sources */ = {isa = PBXBuildFile; fileRef = C3CB0A522887947000AF0BD6 /* Tests_iOS.swift */; };
		C3CB0A552887947000AF0BD6 /* Tests_iOSLaunchTests.swift in Sources */ = {isa = PBXBuildFile; fileRef = C3CB0A542887947000AF0BD6 /* Tests_iOSLaunchTests.swift */; };
		C3CB0A5F2887947000AF0BD6 /* Tests_macOS.swift in Sources */ = {isa = PBXBuildFile; fileRef = C3CB0A5E2887947000AF0BD6 /* Tests_macOS.swift */; };
		C3CB0A612887947000AF0BD6 /* Tests_macOSLaunchTests.swift in Sources */ = {isa = PBXBuildFile; fileRef = C3CB0A602887947000AF0BD6 /* Tests_macOSLaunchTests.swift */; };
		C3CB0A622887947000AF0BD6 /* RecipeApp.swift in Sources */ = {isa = PBXBuildFile; fileRef = C3CB0A3A2887946C00AF0BD6 /* RecipeApp.swift */; };
		C3CB0A632887947000AF0BD6 /* RecipeApp.swift in Sources */ = {isa = PBXBuildFile; fileRef = C3CB0A3A2887946C00AF0BD6 /* RecipeApp.swift */; };
		C3CB0A642887947000AF0BD6 /* ContentView.swift in Sources */ = {isa = PBXBuildFile; fileRef = C3CB0A3B2887946C00AF0BD6 /* ContentView.swift */; };
		C3CB0A652887947000AF0BD6 /* ContentView.swift in Sources */ = {isa = PBXBuildFile; fileRef = C3CB0A3B2887946C00AF0BD6 /* ContentView.swift */; };
		C3CB0A662887947000AF0BD6 /* Assets.xcassets in Resources */ = {isa = PBXBuildFile; fileRef = C3CB0A3C2887947000AF0BD6 /* Assets.xcassets */; };
		C3CB0A672887947000AF0BD6 /* Assets.xcassets in Resources */ = {isa = PBXBuildFile; fileRef = C3CB0A3C2887947000AF0BD6 /* Assets.xcassets */; };
		C3CB0A772887992B00AF0BD6 /* RecipesView.swift in Sources */ = {isa = PBXBuildFile; fileRef = C3CB0A762887992B00AF0BD6 /* RecipesView.swift */; };
		C3CB0A782887992B00AF0BD6 /* RecipesView.swift in Sources */ = {isa = PBXBuildFile; fileRef = C3CB0A762887992B00AF0BD6 /* RecipesView.swift */; };
		C3CB0A7A2887997800AF0BD6 /* Recipe.swift in Sources */ = {isa = PBXBuildFile; fileRef = C3CB0A792887997800AF0BD6 /* Recipe.swift */; };
		C3CB0A7B2887997800AF0BD6 /* Recipe.swift in Sources */ = {isa = PBXBuildFile; fileRef = C3CB0A792887997800AF0BD6 /* Recipe.swift */; };
/* End PBXBuildFile section */

/* Begin PBXContainerItemProxy section */
		C3CB0A4F2887947000AF0BD6 /* PBXContainerItemProxy */ = {
			isa = PBXContainerItemProxy;
			containerPortal = C3CB0A352887946C00AF0BD6 /* Project object */;
			proxyType = 1;
			remoteGlobalIDString = C3CB0A402887947000AF0BD6;
			remoteInfo = "RecipeApp (iOS)";
		};
		C3CB0A5B2887947000AF0BD6 /* PBXContainerItemProxy */ = {
			isa = PBXContainerItemProxy;
			containerPortal = C3CB0A352887946C00AF0BD6 /* Project object */;
			proxyType = 1;
			remoteGlobalIDString = C3CB0A462887947000AF0BD6;
			remoteInfo = "RecipeApp (macOS)";
		};
/* End PBXContainerItemProxy section */

/* Begin PBXFileReference section */
		C3CB0A3A2887946C00AF0BD6 /* RecipeApp.swift */ = {isa = PBXFileReference; lastKnownFileType = sourcecode.swift; path = RecipeApp.swift; sourceTree = "<group>"; };
		C3CB0A3B2887946C00AF0BD6 /* ContentView.swift */ = {isa = PBXFileReference; lastKnownFileType = sourcecode.swift; path = ContentView.swift; sourceTree = "<group>"; };
		C3CB0A3C2887947000AF0BD6 /* Assets.xcassets */ = {isa = PBXFileReference; lastKnownFileType = folder.assetcatalog; path = Assets.xcassets; sourceTree = "<group>"; };
		C3CB0A412887947000AF0BD6 /* RecipeApp.app */ = {isa = PBXFileReference; explicitFileType = wrapper.application; includeInIndex = 0; path = RecipeApp.app; sourceTree = BUILT_PRODUCTS_DIR; };
		C3CB0A472887947000AF0BD6 /* RecipeApp.app */ = {isa = PBXFileReference; explicitFileType = wrapper.application; includeInIndex = 0; path = RecipeApp.app; sourceTree = BUILT_PRODUCTS_DIR; };
		C3CB0A492887947000AF0BD6 /* macOS.entitlements */ = {isa = PBXFileReference; lastKnownFileType = text.plist.entitlements; path = macOS.entitlements; sourceTree = "<group>"; };
		C3CB0A4E2887947000AF0BD6 /* Tests iOS.xctest */ = {isa = PBXFileReference; explicitFileType = wrapper.cfbundle; includeInIndex = 0; path = "Tests iOS.xctest"; sourceTree = BUILT_PRODUCTS_DIR; };
		C3CB0A522887947000AF0BD6 /* Tests_iOS.swift */ = {isa = PBXFileReference; lastKnownFileType = sourcecode.swift; path = Tests_iOS.swift; sourceTree = "<group>"; };
		C3CB0A542887947000AF0BD6 /* Tests_iOSLaunchTests.swift */ = {isa = PBXFileReference; lastKnownFileType = sourcecode.swift; path = Tests_iOSLaunchTests.swift; sourceTree = "<group>"; };
		C3CB0A5A2887947000AF0BD6 /* Tests macOS.xctest */ = {isa = PBXFileReference; explicitFileType = wrapper.cfbundle; includeInIndex = 0; path = "Tests macOS.xctest"; sourceTree = BUILT_PRODUCTS_DIR; };
		C3CB0A5E2887947000AF0BD6 /* Tests_macOS.swift */ = {isa = PBXFileReference; lastKnownFileType = sourcecode.swift; path = Tests_macOS.swift; sourceTree = "<group>"; };
		C3CB0A602887947000AF0BD6 /* Tests_macOSLaunchTests.swift */ = {isa = PBXFileReference; lastKnownFileType = sourcecode.swift; path = Tests_macOSLaunchTests.swift; sourceTree = "<group>"; };
		C3CB0A762887992B00AF0BD6 /* RecipesView.swift */ = {isa = PBXFileReference; lastKnownFileType = sourcecode.swift; path = RecipesView.swift; sourceTree = "<group>"; };
		C3CB0A792887997800AF0BD6 /* Recipe.swift */ = {isa = PBXFileReference; lastKnownFileType = sourcecode.swift; path = Recipe.swift; sourceTree = "<group>"; };
/* End PBXFileReference section */

/* Begin PBXFrameworksBuildPhase section */
		C3CB0A3E2887947000AF0BD6 /* Frameworks */ = {
			isa = PBXFrameworksBuildPhase;
			buildActionMask = 2147483647;
			files = (
			);
			runOnlyForDeploymentPostprocessing = 0;
		};
		C3CB0A442887947000AF0BD6 /* Frameworks */ = {
			isa = PBXFrameworksBuildPhase;
			buildActionMask = 2147483647;
			files = (
			);
			runOnlyForDeploymentPostprocessing = 0;
		};
		C3CB0A4B2887947000AF0BD6 /* Frameworks */ = {
			isa = PBXFrameworksBuildPhase;
			buildActionMask = 2147483647;
			files = (
			);
			runOnlyForDeploymentPostprocessing = 0;
		};
		C3CB0A572887947000AF0BD6 /* Frameworks */ = {
			isa = PBXFrameworksBuildPhase;
			buildActionMask = 2147483647;
			files = (
			);
			runOnlyForDeploymentPostprocessing = 0;
		};
/* End PBXFrameworksBuildPhase section */

/* Begin PBXGroup section */
		C3CB0A342887946C00AF0BD6 = {
			isa = PBXGroup;
			children = (
				C3CB0A392887946C00AF0BD6 /* Shared */,
				C3CB0A482887947000AF0BD6 /* macOS */,
				C3CB0A512887947000AF0BD6 /* Tests iOS */,
				C3CB0A5D2887947000AF0BD6 /* Tests macOS */,
				C3CB0A422887947000AF0BD6 /* Products */,
			);
			sourceTree = "<group>";
		};
		C3CB0A392887946C00AF0BD6 /* Shared */ = {
			isa = PBXGroup;
			children = (
				C3CB0A3A2887946C00AF0BD6 /* RecipeApp.swift */,
				C3CB0A762887992B00AF0BD6 /* RecipesView.swift */,
				C3CB0A792887997800AF0BD6 /* Recipe.swift */,
				C3CB0A3B2887946C00AF0BD6 /* ContentView.swift */,
				C3CB0A3C2887947000AF0BD6 /* Assets.xcassets */,
			);
			path = Shared;
			sourceTree = "<group>";
		};
		C3CB0A422887947000AF0BD6 /* Products */ = {
			isa = PBXGroup;
			children = (
				C3CB0A412887947000AF0BD6 /* RecipeApp.app */,
				C3CB0A472887947000AF0BD6 /* RecipeApp.app */,
				C3CB0A4E2887947000AF0BD6 /* Tests iOS.xctest */,
				C3CB0A5A2887947000AF0BD6 /* Tests macOS.xctest */,
			);
			name = Products;
			sourceTree = "<group>";
		};
		C3CB0A482887947000AF0BD6 /* macOS */ = {
			isa = PBXGroup;
			children = (
				C3CB0A492887947000AF0BD6 /* macOS.entitlements */,
			);
			path = macOS;
			sourceTree = "<group>";
		};
		C3CB0A512887947000AF0BD6 /* Tests iOS */ = {
			isa = PBXGroup;
			children = (
				C3CB0A522887947000AF0BD6 /* Tests_iOS.swift */,
				C3CB0A542887947000AF0BD6 /* Tests_iOSLaunchTests.swift */,
			);
			path = "Tests iOS";
			sourceTree = "<group>";
		};
		C3CB0A5D2887947000AF0BD6 /* Tests macOS */ = {
			isa = PBXGroup;
			children = (
				C3CB0A5E2887947000AF0BD6 /* Tests_macOS.swift */,
				C3CB0A602887947000AF0BD6 /* Tests_macOSLaunchTests.swift */,
			);
			path = "Tests macOS";
			sourceTree = "<group>";
		};
/* End PBXGroup section */

/* Begin PBXNativeTarget section */
		C3CB0A402887947000AF0BD6 /* RecipeApp (iOS) */ = {
			isa = PBXNativeTarget;
			buildConfigurationList = C3CB0A6A2887947000AF0BD6 /* Build configuration list for PBXNativeTarget "RecipeApp (iOS)" */;
			buildPhases = (
				C3CB0A3D2887947000AF0BD6 /* Sources */,
				C3CB0A3E2887947000AF0BD6 /* Frameworks */,
				C3CB0A3F2887947000AF0BD6 /* Resources */,
			);
			buildRules = (
			);
			dependencies = (
			);
			name = "RecipeApp (iOS)";
			productName = "RecipeApp (iOS)";
			productReference = C3CB0A412887947000AF0BD6 /* RecipeApp.app */;
			productType = "com.apple.product-type.application";
		};
		C3CB0A462887947000AF0BD6 /* RecipeApp (macOS) */ = {
			isa = PBXNativeTarget;
			buildConfigurationList = C3CB0A6D2887947000AF0BD6 /* Build configuration list for PBXNativeTarget "RecipeApp (macOS)" */;
			buildPhases = (
				C3CB0A432887947000AF0BD6 /* Sources */,
				C3CB0A442887947000AF0BD6 /* Frameworks */,
				C3CB0A452887947000AF0BD6 /* Resources */,
			);
			buildRules = (
			);
			dependencies = (
			);
			name = "RecipeApp (macOS)";
			productName = "RecipeApp (macOS)";
			productReference = C3CB0A472887947000AF0BD6 /* RecipeApp.app */;
			productType = "com.apple.product-type.application";
		};
		C3CB0A4D2887947000AF0BD6 /* Tests iOS */ = {
			isa = PBXNativeTarget;
			buildConfigurationList = C3CB0A702887947000AF0BD6 /* Build configuration list for PBXNativeTarget "Tests iOS" */;
			buildPhases = (
				C3CB0A4A2887947000AF0BD6 /* Sources */,
				C3CB0A4B2887947000AF0BD6 /* Frameworks */,
				C3CB0A4C2887947000AF0BD6 /* Resources */,
			);
			buildRules = (
			);
			dependencies = (
				C3CB0A502887947000AF0BD6 /* PBXTargetDependency */,
			);
			name = "Tests iOS";
			productName = "Tests iOS";
			productReference = C3CB0A4E2887947000AF0BD6 /* Tests iOS.xctest */;
			productType = "com.apple.product-type.bundle.ui-testing";
		};
		C3CB0A592887947000AF0BD6 /* Tests macOS */ = {
			isa = PBXNativeTarget;
			buildConfigurationList = C3CB0A732887947000AF0BD6 /* Build configuration list for PBXNativeTarget "Tests macOS" */;
			buildPhases = (
				C3CB0A562887947000AF0BD6 /* Sources */,
				C3CB0A572887947000AF0BD6 /* Frameworks */,
				C3CB0A582887947000AF0BD6 /* Resources */,
			);
			buildRules = (
			);
			dependencies = (
				C3CB0A5C2887947000AF0BD6 /* PBXTargetDependency */,
			);
			name = "Tests macOS";
			productName = "Tests macOS";
			productReference = C3CB0A5A2887947000AF0BD6 /* Tests macOS.xctest */;
			productType = "com.apple.product-type.bundle.ui-testing";
		};
/* End PBXNativeTarget section */

/* Begin PBXProject section */
		C3CB0A352887946C00AF0BD6 /* Project object */ = {
			isa = PBXProject;
			attributes = {
				BuildIndependentTargetsInParallel = 1;
				LastSwiftUpdateCheck = 1340;
				LastUpgradeCheck = 1340;
				TargetAttributes = {
					C3CB0A402887947000AF0BD6 = {
						CreatedOnToolsVersion = 13.4.1;
					};
					C3CB0A462887947000AF0BD6 = {
						CreatedOnToolsVersion = 13.4.1;
					};
					C3CB0A4D2887947000AF0BD6 = {
						CreatedOnToolsVersion = 13.4.1;
						TestTargetID = C3CB0A402887947000AF0BD6;
					};
					C3CB0A592887947000AF0BD6 = {
						CreatedOnToolsVersion = 13.4.1;
						TestTargetID = C3CB0A462887947000AF0BD6;
					};
				};
			};
			buildConfigurationList = C3CB0A382887946C00AF0BD6 /* Build configuration list for PBXProject "RecipeApp" */;
			compatibilityVersion = "Xcode 13.0";
			developmentRegion = en;
			hasScannedForEncodings = 0;
			knownRegions = (
				en,
				Base,
			);
			mainGroup = C3CB0A342887946C00AF0BD6;
			productRefGroup = C3CB0A422887947000AF0BD6 /* Products */;
			projectDirPath = "";
			projectRoot = "";
			targets = (
				C3CB0A402887947000AF0BD6 /* RecipeApp (iOS) */,
				C3CB0A462887947000AF0BD6 /* RecipeApp (macOS) */,
				C3CB0A4D2887947000AF0BD6 /* Tests iOS */,
				C3CB0A592887947000AF0BD6 /* Tests macOS */,
			);
		};
/* End PBXProject section */

/* Begin PBXResourcesBuildPhase section */
		C3CB0A3F2887947000AF0BD6 /* Resources */ = {
			isa = PBXResourcesBuildPhase;
			buildActionMask = 2147483647;
			files = (
				C3CB0A662887947000AF0BD6 /* Assets.xcassets in Resources */,
			);
			runOnlyForDeploymentPostprocessing = 0;
		};
		C3CB0A452887947000AF0BD6 /* Resources */ = {
			isa = PBXResourcesBuildPhase;
			buildActionMask = 2147483647;
			files = (
				C3CB0A672887947000AF0BD6 /* Assets.xcassets in Resources */,
			);
			runOnlyForDeploymentPostprocessing = 0;
		};
		C3CB0A4C2887947000AF0BD6 /* Resources */ = {
			isa = PBXResourcesBuildPhase;
			buildActionMask = 2147483647;
			files = (
			);
			runOnlyForDeploymentPostprocessing = 0;
		};
		C3CB0A582887947000AF0BD6 /* Resources */ = {
			isa = PBXResourcesBuildPhase;
			buildActionMask = 2147483647;
			files = (
			);
			runOnlyForDeploymentPostprocessing = 0;
		};
/* End PBXResourcesBuildPhase section */

/* Begin PBXSourcesBuildPhase section */
		C3CB0A3D2887947000AF0BD6 /* Sources */ = {
			isa = PBXSourcesBuildPhase;
			buildActionMask = 2147483647;
			files = (
				C3CB0A642887947000AF0BD6 /* ContentView.swift in Sources */,
				C3CB0A772887992B00AF0BD6 /* RecipesView.swift in Sources */,
				C3CB0A622887947000AF0BD6 /* RecipeApp.swift in Sources */,
				C3CB0A7A2887997800AF0BD6 /* Recipe.swift in Sources */,
			);
			runOnlyForDeploymentPostprocessing = 0;
		};
		C3CB0A432887947000AF0BD6 /* Sources */ = {
			isa = PBXSourcesBuildPhase;
			buildActionMask = 2147483647;
			files = (
				C3CB0A652887947000AF0BD6 /* ContentView.swift in Sources */,
				C3CB0A782887992B00AF0BD6 /* RecipesView.swift in Sources */,
				C3CB0A632887947000AF0BD6 /* RecipeApp.swift in Sources */,
				C3CB0A7B2887997800AF0BD6 /* Recipe.swift in Sources */,
			);
			runOnlyForDeploymentPostprocessing = 0;
		};
		C3CB0A4A2887947000AF0BD6 /* Sources */ = {
			isa = PBXSourcesBuildPhase;
			buildActionMask = 2147483647;
			files = (
				C3CB0A552887947000AF0BD6 /* Tests_iOSLaunchTests.swift in Sources */,
				C3CB0A532887947000AF0BD6 /* Tests_iOS.swift in Sources */,
			);
			runOnlyForDeploymentPostprocessing = 0;
		};
		C3CB0A562887947000AF0BD6 /* Sources */ = {
			isa = PBXSourcesBuildPhase;
			buildActionMask = 2147483647;
			files = (
				C3CB0A612887947000AF0BD6 /* Tests_macOSLaunchTests.swift in Sources */,
				C3CB0A5F2887947000AF0BD6 /* Tests_macOS.swift in Sources */,
			);
			runOnlyForDeploymentPostprocessing = 0;
		};
/* End PBXSourcesBuildPhase section */

/* Begin PBXTargetDependency section */
		C3CB0A502887947000AF0BD6 /* PBXTargetDependency */ = {
			isa = PBXTargetDependency;
			target = C3CB0A402887947000AF0BD6 /* RecipeApp (iOS) */;
			targetProxy = C3CB0A4F2887947000AF0BD6 /* PBXContainerItemProxy */;
		};
		C3CB0A5C2887947000AF0BD6 /* PBXTargetDependency */ = {
			isa = PBXTargetDependency;
			target = C3CB0A462887947000AF0BD6 /* RecipeApp (macOS) */;
			targetProxy = C3CB0A5B2887947000AF0BD6 /* PBXContainerItemProxy */;
		};
/* End PBXTargetDependency section */

/* Begin XCBuildConfiguration section */
		C3CB0A682887947000AF0BD6 /* Debug */ = {
			isa = XCBuildConfiguration;
			buildSettings = {
				ALWAYS_SEARCH_USER_PATHS = NO;
				CLANG_ANALYZER_NONNULL = YES;
				CLANG_ANALYZER_NUMBER_OBJECT_CONVERSION = YES_AGGRESSIVE;
				CLANG_CXX_LANGUAGE_STANDARD = "gnu++17";
				CLANG_ENABLE_MODULES = YES;
				CLANG_ENABLE_OBJC_ARC = YES;
				CLANG_ENABLE_OBJC_WEAK = YES;
				CLANG_WARN_BLOCK_CAPTURE_AUTORELEASING = YES;
				CLANG_WARN_BOOL_CONVERSION = YES;
				CLANG_WARN_COMMA = YES;
				CLANG_WARN_CONSTANT_CONVERSION = YES;
				CLANG_WARN_DEPRECATED_OBJC_IMPLEMENTATIONS = YES;
				CLANG_WARN_DIRECT_OBJC_ISA_USAGE = YES_ERROR;
				CLANG_WARN_DOCUMENTATION_COMMENTS = YES;
				CLANG_WARN_EMPTY_BODY = YES;
				CLANG_WARN_ENUM_CONVERSION = YES;
				CLANG_WARN_INFINITE_RECURSION = YES;
				CLANG_WARN_INT_CONVERSION = YES;
				CLANG_WARN_NON_LITERAL_NULL_CONVERSION = YES;
				CLANG_WARN_OBJC_IMPLICIT_RETAIN_SELF = YES;
				CLANG_WARN_OBJC_LITERAL_CONVERSION = YES;
				CLANG_WARN_OBJC_ROOT_CLASS = YES_ERROR;
				CLANG_WARN_QUOTED_INCLUDE_IN_FRAMEWORK_HEADER = YES;
				CLANG_WARN_RANGE_LOOP_ANALYSIS = YES;
				CLANG_WARN_STRICT_PROTOTYPES = YES;
				CLANG_WARN_SUSPICIOUS_MOVE = YES;
				CLANG_WARN_UNGUARDED_AVAILABILITY = YES_AGGRESSIVE;
				CLANG_WARN_UNREACHABLE_CODE = YES;
				CLANG_WARN__DUPLICATE_METHOD_MATCH = YES;
				COPY_PHASE_STRIP = NO;
				DEBUG_INFORMATION_FORMAT = dwarf;
				ENABLE_STRICT_OBJC_MSGSEND = YES;
				ENABLE_TESTABILITY = YES;
				GCC_C_LANGUAGE_STANDARD = gnu11;
				GCC_DYNAMIC_NO_PIC = NO;
				GCC_NO_COMMON_BLOCKS = YES;
				GCC_OPTIMIZATION_LEVEL = 0;
				GCC_PREPROCESSOR_DEFINITIONS = (
					"DEBUG=1",
					"$(inherited)",
				);
				GCC_WARN_64_TO_32_BIT_CONVERSION = YES;
				GCC_WARN_ABOUT_RETURN_TYPE = YES_ERROR;
				GCC_WARN_UNDECLARED_SELECTOR = YES;
				GCC_WARN_UNINITIALIZED_AUTOS = YES_AGGRESSIVE;
				GCC_WARN_UNUSED_FUNCTION = YES;
				GCC_WARN_UNUSED_VARIABLE = YES;
				MTL_ENABLE_DEBUG_INFO = INCLUDE_SOURCE;
				MTL_FAST_MATH = YES;
				ONLY_ACTIVE_ARCH = YES;
				SWIFT_ACTIVE_COMPILATION_CONDITIONS = DEBUG;
				SWIFT_OPTIMIZATION_LEVEL = "-Onone";
			};
			name = Debug;
		};
		C3CB0A692887947000AF0BD6 /* Release */ = {
			isa = XCBuildConfiguration;
			buildSettings = {
				ALWAYS_SEARCH_USER_PATHS = NO;
				CLANG_ANALYZER_NONNULL = YES;
				CLANG_ANALYZER_NUMBER_OBJECT_CONVERSION = YES_AGGRESSIVE;
				CLANG_CXX_LANGUAGE_STANDARD = "gnu++17";
				CLANG_ENABLE_MODULES = YES;
				CLANG_ENABLE_OBJC_ARC = YES;
				CLANG_ENABLE_OBJC_WEAK = YES;
				CLANG_WARN_BLOCK_CAPTURE_AUTORELEASING = YES;
				CLANG_WARN_BOOL_CONVERSION = YES;
				CLANG_WARN_COMMA = YES;
				CLANG_WARN_CONSTANT_CONVERSION = YES;
				CLANG_WARN_DEPRECATED_OBJC_IMPLEMENTATIONS = YES;
				CLANG_WARN_DIRECT_OBJC_ISA_USAGE = YES_ERROR;
				CLANG_WARN_DOCUMENTATION_COMMENTS = YES;
				CLANG_WARN_EMPTY_BODY = YES;
				CLANG_WARN_ENUM_CONVERSION = YES;
				CLANG_WARN_INFINITE_RECURSION = YES;
				CLANG_WARN_INT_CONVERSION = YES;
				CLANG_WARN_NON_LITERAL_NULL_CONVERSION = YES;
				CLANG_WARN_OBJC_IMPLICIT_RETAIN_SELF = YES;
				CLANG_WARN_OBJC_LITERAL_CONVERSION = YES;
				CLANG_WARN_OBJC_ROOT_CLASS = YES_ERROR;
				CLANG_WARN_QUOTED_INCLUDE_IN_FRAMEWORK_HEADER = YES;
				CLANG_WARN_RANGE_LOOP_ANALYSIS = YES;
				CLANG_WARN_STRICT_PROTOTYPES = YES;
				CLANG_WARN_SUSPICIOUS_MOVE = YES;
				CLANG_WARN_UNGUARDED_AVAILABILITY = YES_AGGRESSIVE;
				CLANG_WARN_UNREACHABLE_CODE = YES;
				CLANG_WARN__DUPLICATE_METHOD_MATCH = YES;
				COPY_PHASE_STRIP = NO;
				DEBUG_INFORMATION_FORMAT = "dwarf-with-dsym";
				ENABLE_NS_ASSERTIONS = NO;
				ENABLE_STRICT_OBJC_MSGSEND = YES;
				GCC_C_LANGUAGE_STANDARD = gnu11;
				GCC_NO_COMMON_BLOCKS = YES;
				GCC_WARN_64_TO_32_BIT_CONVERSION = YES;
				GCC_WARN_ABOUT_RETURN_TYPE = YES_ERROR;
				GCC_WARN_UNDECLARED_SELECTOR = YES;
				GCC_WARN_UNINITIALIZED_AUTOS = YES_AGGRESSIVE;
				GCC_WARN_UNUSED_FUNCTION = YES;
				GCC_WARN_UNUSED_VARIABLE = YES;
				MTL_ENABLE_DEBUG_INFO = NO;
				MTL_FAST_MATH = YES;
				SWIFT_COMPILATION_MODE = wholemodule;
				SWIFT_OPTIMIZATION_LEVEL = "-O";
			};
			name = Release;
		};
		C3CB0A6B2887947000AF0BD6 /* Debug */ = {
			isa = XCBuildConfiguration;
			buildSettings = {
				ASSETCATALOG_COMPILER_APPICON_NAME = AppIcon;
				ASSETCATALOG_COMPILER_GLOBAL_ACCENT_COLOR_NAME = AccentColor;
				CODE_SIGN_STYLE = Automatic;
				CURRENT_PROJECT_VERSION = 1;
				DEVELOPMENT_TEAM = 7K3TFSLY92;
				ENABLE_PREVIEWS = YES;
				GENERATE_INFOPLIST_FILE = YES;
				INFOPLIST_KEY_UIApplicationSceneManifest_Generation = YES;
				INFOPLIST_KEY_UIApplicationSupportsIndirectInputEvents = YES;
				INFOPLIST_KEY_UILaunchScreen_Generation = YES;
				INFOPLIST_KEY_UISupportedInterfaceOrientations_iPad = "UIInterfaceOrientationPortrait UIInterfaceOrientationPortraitUpsideDown UIInterfaceOrientationLandscapeLeft UIInterfaceOrientationLandscapeRight";
				INFOPLIST_KEY_UISupportedInterfaceOrientations_iPhone = "UIInterfaceOrientationPortrait UIInterfaceOrientationLandscapeLeft UIInterfaceOrientationLandscapeRight";
				IPHONEOS_DEPLOYMENT_TARGET = 15.5;
				LD_RUNPATH_SEARCH_PATHS = (
					"$(inherited)",
					"@executable_path/Frameworks",
				);
				MARKETING_VERSION = 1.0;
				PRODUCT_BUNDLE_IDENTIFIER = com.northshore.Recipes;
				PRODUCT_NAME = RecipeApp;
				SDKROOT = iphoneos;
				SWIFT_EMIT_LOC_STRINGS = YES;
				SWIFT_VERSION = 5.0;
				TARGETED_DEVICE_FAMILY = "1,2";
			};
			name = Debug;
		};
		C3CB0A6C2887947000AF0BD6 /* Release */ = {
			isa = XCBuildConfiguration;
			buildSettings = {
				ASSETCATALOG_COMPILER_APPICON_NAME = AppIcon;
				ASSETCATALOG_COMPILER_GLOBAL_ACCENT_COLOR_NAME = AccentColor;
				CODE_SIGN_STYLE = Automatic;
				CURRENT_PROJECT_VERSION = 1;
				DEVELOPMENT_TEAM = 7K3TFSLY92;
				ENABLE_PREVIEWS = YES;
				GENERATE_INFOPLIST_FILE = YES;
				INFOPLIST_KEY_UIApplicationSceneManifest_Generation = YES;
				INFOPLIST_KEY_UIApplicationSupportsIndirectInputEvents = YES;
				INFOPLIST_KEY_UILaunchScreen_Generation = YES;
				INFOPLIST_KEY_UISupportedInterfaceOrientations_iPad = "UIInterfaceOrientationPortrait UIInterfaceOrientationPortraitUpsideDown UIInterfaceOrientationLandscapeLeft UIInterfaceOrientationLandscapeRight";
				INFOPLIST_KEY_UISupportedInterfaceOrientations_iPhone = "UIInterfaceOrientationPortrait UIInterfaceOrientationLandscapeLeft UIInterfaceOrientationLandscapeRight";
				IPHONEOS_DEPLOYMENT_TARGET = 15.5;
				LD_RUNPATH_SEARCH_PATHS = (
					"$(inherited)",
					"@executable_path/Frameworks",
				);
				MARKETING_VERSION = 1.0;
				PRODUCT_BUNDLE_IDENTIFIER = com.northshore.Recipes;
				PRODUCT_NAME = RecipeApp;
				SDKROOT = iphoneos;
				SWIFT_EMIT_LOC_STRINGS = YES;
				SWIFT_VERSION = 5.0;
				TARGETED_DEVICE_FAMILY = "1,2";
				VALIDATE_PRODUCT = YES;
			};
			name = Release;
		};
		C3CB0A6E2887947000AF0BD6 /* Debug */ = {
			isa = XCBuildConfiguration;
			buildSettings = {
				ASSETCATALOG_COMPILER_APPICON_NAME = AppIcon;
				ASSETCATALOG_COMPILER_GLOBAL_ACCENT_COLOR_NAME = AccentColor;
				CODE_SIGN_ENTITLEMENTS = macOS/macOS.entitlements;
				CODE_SIGN_STYLE = Automatic;
				COMBINE_HIDPI_IMAGES = YES;
				CURRENT_PROJECT_VERSION = 1;
				DEVELOPMENT_TEAM = 7K3TFSLY92;
				ENABLE_HARDENED_RUNTIME = YES;
				ENABLE_PREVIEWS = YES;
				GENERATE_INFOPLIST_FILE = YES;
				INFOPLIST_KEY_NSHumanReadableCopyright = "";
				LD_RUNPATH_SEARCH_PATHS = (
					"$(inherited)",
					"@executable_path/../Frameworks",
				);
				MACOSX_DEPLOYMENT_TARGET = 12.2;
				MARKETING_VERSION = 1.0;
				PRODUCT_BUNDLE_IDENTIFIER = com.northshore.RecipeApp;
				PRODUCT_NAME = RecipeApp;
				SDKROOT = macosx;
				SWIFT_EMIT_LOC_STRINGS = YES;
				SWIFT_VERSION = 5.0;
			};
			name = Debug;
		};
		C3CB0A6F2887947000AF0BD6 /* Release */ = {
			isa = XCBuildConfiguration;
			buildSettings = {
				ASSETCATALOG_COMPILER_APPICON_NAME = AppIcon;
				ASSETCATALOG_COMPILER_GLOBAL_ACCENT_COLOR_NAME = AccentColor;
				CODE_SIGN_ENTITLEMENTS = macOS/macOS.entitlements;
				CODE_SIGN_STYLE = Automatic;
				COMBINE_HIDPI_IMAGES = YES;
				CURRENT_PROJECT_VERSION = 1;
				DEVELOPMENT_TEAM = 7K3TFSLY92;
				ENABLE_HARDENED_RUNTIME = YES;
				ENABLE_PREVIEWS = YES;
				GENERATE_INFOPLIST_FILE = YES;
				INFOPLIST_KEY_NSHumanReadableCopyright = "";
				LD_RUNPATH_SEARCH_PATHS = (
					"$(inherited)",
					"@executable_path/../Frameworks",
				);
				MACOSX_DEPLOYMENT_TARGET = 12.2;
				MARKETING_VERSION = 1.0;
				PRODUCT_BUNDLE_IDENTIFIER = com.northshore.RecipeApp;
				PRODUCT_NAME = RecipeApp;
				SDKROOT = macosx;
				SWIFT_EMIT_LOC_STRINGS = YES;
				SWIFT_VERSION = 5.0;
			};
			name = Release;
		};
		C3CB0A712887947000AF0BD6 /* Debug */ = {
			isa = XCBuildConfiguration;
			buildSettings = {
				ALWAYS_EMBED_SWIFT_STANDARD_LIBRARIES = YES;
				CODE_SIGN_STYLE = Automatic;
				CURRENT_PROJECT_VERSION = 1;
				DEVELOPMENT_TEAM = 7K3TFSLY92;
				GENERATE_INFOPLIST_FILE = YES;
				IPHONEOS_DEPLOYMENT_TARGET = 15.5;
				MARKETING_VERSION = 1.0;
				PRODUCT_BUNDLE_IDENTIFIER = "com.northshore.Tests-iOS";
				PRODUCT_NAME = "$(TARGET_NAME)";
				SDKROOT = iphoneos;
				SWIFT_EMIT_LOC_STRINGS = NO;
				SWIFT_VERSION = 5.0;
				TARGETED_DEVICE_FAMILY = "1,2";
				TEST_TARGET_NAME = "RecipeApp (iOS)";
			};
			name = Debug;
		};
		C3CB0A722887947000AF0BD6 /* Release */ = {
			isa = XCBuildConfiguration;
			buildSettings = {
				ALWAYS_EMBED_SWIFT_STANDARD_LIBRARIES = YES;
				CODE_SIGN_STYLE = Automatic;
				CURRENT_PROJECT_VERSION = 1;
				DEVELOPMENT_TEAM = 7K3TFSLY92;
				GENERATE_INFOPLIST_FILE = YES;
				IPHONEOS_DEPLOYMENT_TARGET = 15.5;
				MARKETING_VERSION = 1.0;
				PRODUCT_BUNDLE_IDENTIFIER = "com.northshore.Tests-iOS";
				PRODUCT_NAME = "$(TARGET_NAME)";
				SDKROOT = iphoneos;
				SWIFT_EMIT_LOC_STRINGS = NO;
				SWIFT_VERSION = 5.0;
				TARGETED_DEVICE_FAMILY = "1,2";
				TEST_TARGET_NAME = "RecipeApp (iOS)";
				VALIDATE_PRODUCT = YES;
			};
			name = Release;
		};
		C3CB0A742887947000AF0BD6 /* Debug */ = {
			isa = XCBuildConfiguration;
			buildSettings = {
				ALWAYS_EMBED_SWIFT_STANDARD_LIBRARIES = YES;
				CODE_SIGN_STYLE = Automatic;
				CURRENT_PROJECT_VERSION = 1;
				DEVELOPMENT_TEAM = 7K3TFSLY92;
				GENERATE_INFOPLIST_FILE = YES;
				MACOSX_DEPLOYMENT_TARGET = 12.2;
				MARKETING_VERSION = 1.0;
				PRODUCT_BUNDLE_IDENTIFIER = "com.northshore.Tests-macOS";
				PRODUCT_NAME = "$(TARGET_NAME)";
				SDKROOT = macosx;
				SWIFT_EMIT_LOC_STRINGS = NO;
				SWIFT_VERSION = 5.0;
				TEST_TARGET_NAME = "RecipeApp (macOS)";
			};
			name = Debug;
		};
		C3CB0A752887947000AF0BD6 /* Release */ = {
			isa = XCBuildConfiguration;
			buildSettings = {
				ALWAYS_EMBED_SWIFT_STANDARD_LIBRARIES = YES;
				CODE_SIGN_STYLE = Automatic;
				CURRENT_PROJECT_VERSION = 1;
				DEVELOPMENT_TEAM = 7K3TFSLY92;
				GENERATE_INFOPLIST_FILE = YES;
				MACOSX_DEPLOYMENT_TARGET = 12.2;
				MARKETING_VERSION = 1.0;
				PRODUCT_BUNDLE_IDENTIFIER = "com.northshore.Tests-macOS";
				PRODUCT_NAME = "$(TARGET_NAME)";
				SDKROOT = macosx;
				SWIFT_EMIT_LOC_STRINGS = NO;
				SWIFT_VERSION = 5.0;
				TEST_TARGET_NAME = "RecipeApp (macOS)";
			};
			name = Release;
		};
/* End XCBuildConfiguration section */

/* Begin XCConfigurationList section */
		C3CB0A382887946C00AF0BD6 /* Build configuration list for PBXProject "RecipeApp" */ = {
			isa = XCConfigurationList;
			buildConfigurations = (
				C3CB0A682887947000AF0BD6 /* Debug */,
				C3CB0A692887947000AF0BD6 /* Release */,
			);
			defaultConfigurationIsVisible = 0;
			defaultConfigurationName = Release;
		};
		C3CB0A6A2887947000AF0BD6 /* Build configuration list for PBXNativeTarget "RecipeApp (iOS)" */ = {
			isa = XCConfigurationList;
			buildConfigurations = (
				C3CB0A6B2887947000AF0BD6 /* Debug */,
				C3CB0A6C2887947000AF0BD6 /* Release */,
			);
			defaultConfigurationIsVisible = 0;
			defaultConfigurationName = Release;
		};
		C3CB0A6D2887947000AF0BD6 /* Build configuration list for PBXNativeTarget "RecipeApp (macOS)" */ = {
			isa = XCConfigurationList;
			buildConfigurations = (
				C3CB0A6E2887947000AF0BD6 /* Debug */,
				C3CB0A6F2887947000AF0BD6 /* Release */,
			);
			defaultConfigurationIsVisible = 0;
			defaultConfigurationName = Release;
		};
		C3CB0A702887947000AF0BD6 /* Build configuration list for PBXNativeTarget "Tests iOS" */ = {
			isa = XCConfigurationList;
			buildConfigurations = (
				C3CB0A712887947000AF0BD6 /* Debug */,
				C3CB0A722887947000AF0BD6 /* Release */,
			);
			defaultConfigurationIsVisible = 0;
			defaultConfigurationName = Release;
		};
		C3CB0A732887947000AF0BD6 /* Build configuration list for PBXNativeTarget "Tests macOS" */ = {
			isa = XCConfigurationList;
			buildConfigurations = (
				C3CB0A742887947000AF0BD6 /* Debug */,
				C3CB0A752887947000AF0BD6 /* Release */,
			);
			defaultConfigurationIsVisible = 0;
			defaultConfigurationName = Release;
		};
/* End XCConfigurationList section */
	};
	rootObject = C3CB0A352887946C00AF0BD6 /* Project object */;
}
